// !$*UTF8*$!
{
	archiveVersion = 1;
	classes = {
	};
	objectVersion = 46;
	objects = {

/* Begin PBXBuildFile section */
		CD112C3D1C0ABEEE00200049 /* AppDelegate.swift in Sources */ = {isa = PBXBuildFile; fileRef = CD112C3C1C0ABEEE00200049 /* AppDelegate.swift */; };
		CD112C3F1C0ABEEE00200049 /* ViewController.swift in Sources */ = {isa = PBXBuildFile; fileRef = CD112C3E1C0ABEEE00200049 /* ViewController.swift */; };
		CD112C421C0ABEEE00200049 /* Main.storyboard in Resources */ = {isa = PBXBuildFile; fileRef = CD112C401C0ABEEE00200049 /* Main.storyboard */; };
		CD112C441C0ABEEE00200049 /* Assets.xcassets in Resources */ = {isa = PBXBuildFile; fileRef = CD112C431C0ABEEE00200049 /* Assets.xcassets */; };
		CD112C471C0ABEEE00200049 /* LaunchScreen.storyboard in Resources */ = {isa = PBXBuildFile; fileRef = CD112C451C0ABEEE00200049 /* LaunchScreen.storyboard */; };
/* End PBXBuildFile section */

/* Begin PBXFileReference section */
		CD112C391C0ABEEE00200049 /* BusquetsSample.app */ = {isa = PBXFileReference; explicitFileType = wrapper.application; includeInIndex = 0; path = BusquetsSample.app; sourceTree = BUILT_PRODUCTS_DIR; };
		CD112C3C1C0ABEEE00200049 /* AppDelegate.swift */ = {isa = PBXFileReference; lastKnownFileType = sourcecode.swift; path = AppDelegate.swift; sourceTree = "<group>"; };
		CD112C3E1C0ABEEE00200049 /* ViewController.swift */ = {isa = PBXFileReference; lastKnownFileType = sourcecode.swift; path = ViewController.swift; sourceTree = "<group>"; };
		CD112C411C0ABEEE00200049 /* Base */ = {isa = PBXFileReference; lastKnownFileType = file.storyboard; name = Base; path = Base.lproj/Main.storyboard; sourceTree = "<group>"; };
		CD112C431C0ABEEE00200049 /* Assets.xcassets */ = {isa = PBXFileReference; lastKnownFileType = folder.assetcatalog; path = Assets.xcassets; sourceTree = "<group>"; };
		CD112C461C0ABEEE00200049 /* Base */ = {isa = PBXFileReference; lastKnownFileType = file.storyboard; name = Base; path = Base.lproj/LaunchScreen.storyboard; sourceTree = "<group>"; };
		CD112C481C0ABEEE00200049 /* Info.plist */ = {isa = PBXFileReference; lastKnownFileType = text.plist.xml; path = Info.plist; sourceTree = "<group>"; };
/* End PBXFileReference section */

/* Begin PBXFrameworksBuildPhase section */
		CD112C361C0ABEEE00200049 /* Frameworks */ = {
			isa = PBXFrameworksBuildPhase;
			buildActionMask = 2147483647;
			files = (
			);
			runOnlyForDeploymentPostprocessing = 0;
		};
/* End PBXFrameworksBuildPhase section */

/* Begin PBXGroup section */
		CD112C301C0ABEEE00200049 = {
			isa = PBXGroup;
			children = (
				CD112C3B1C0ABEEE00200049 /* BusquetsSample */,
				CD112C3A1C0ABEEE00200049 /* Products */,
			);
			sourceTree = "<group>";
		};
		CD112C3A1C0ABEEE00200049 /* Products */ = {
			isa = PBXGroup;
			children = (
				CD112C391C0ABEEE00200049 /* BusquetsSample.app */,
			);
			name = Products;
			sourceTree = "<group>";
		};
		CD112C3B1C0ABEEE00200049 /* BusquetsSample */ = {
			isa = PBXGroup;
			children = (
				CD112C3C1C0ABEEE00200049 /* AppDelegate.swift */,
				CD112C3E1C0ABEEE00200049 /* ViewController.swift */,
				CD112C401C0ABEEE00200049 /* Main.storyboard */,
				CD112C431C0ABEEE00200049 /* Assets.xcassets */,
				CD112C451C0ABEEE00200049 /* LaunchScreen.storyboard */,
				CD112C481C0ABEEE00200049 /* Info.plist */,
			);
			path = BusquetsSample;
			sourceTree = "<group>";
		};
/* End PBXGroup section */

/* Begin PBXNativeTarget section */
		CD112C381C0ABEEE00200049 /* BusquetsSample */ = {
			isa = PBXNativeTarget;
			buildConfigurationList = CD112C4B1C0ABEEE00200049 /* Build configuration list for PBXNativeTarget "BusquetsSample" */;
			buildPhases = (
				CD112C351C0ABEEE00200049 /* Sources */,
				CD112C361C0ABEEE00200049 /* Frameworks */,
				CD112C371C0ABEEE00200049 /* Resources */,
			);
			buildRules = (
			);
			dependencies = (
			);
			name = BusquetsSample;
			productName = BusquetsSample;
			productReference = CD112C391C0ABEEE00200049 /* BusquetsSample.app */;
			productType = "com.apple.product-type.application";
		};
/* End PBXNativeTarget section */

/* Begin PBXProject section */
		CD112C311C0ABEEE00200049 /* Project object */ = {
			isa = PBXProject;
			attributes = {
				LastUpgradeCheck = 0700;
				ORGANIZATIONNAME = moguraproject;
				TargetAttributes = {
					CD112C381C0ABEEE00200049 = {
						CreatedOnToolsVersion = 7.0.1;
					};
				};
			};
			buildConfigurationList = CD112C341C0ABEEE00200049 /* Build configuration list for PBXProject "BusquetsSample" */;
			compatibilityVersion = "Xcode 3.2";
			developmentRegion = English;
			hasScannedForEncodings = 0;
			knownRegions = (
				en,
				Base,
			);
			mainGroup = CD112C301C0ABEEE00200049;
			productRefGroup = CD112C3A1C0ABEEE00200049 /* Products */;
			projectDirPath = "";
			projectRoot = "";
			targets = (
				CD112C381C0ABEEE00200049 /* BusquetsSample */,
			);
		};
/* End PBXProject section */

/* Begin PBXResourcesBuildPhase section */
		CD112C371C0ABEEE00200049 /* Resources */ = {
			isa = PBXResourcesBuildPhase;
			buildActionMask = 2147483647;
			files = (
				CD112C471C0ABEEE00200049 /* LaunchScreen.storyboard in Resources */,
				CD112C441C0ABEEE00200049 /* Assets.xcassets in Resources */,
				CD112C421C0ABEEE00200049 /* Main.storyboard in Resources */,
			);
			runOnlyForDeploymentPostprocessing = 0;
		};
/* End PBXResourcesBuildPhase section */

/* Begin PBXSourcesBuildPhase section */
		CD112C351C0ABEEE00200049 /* Sources */ = {
			isa = PBXSourcesBuildPhase;
			buildActionMask = 2147483647;
			files = (
				CD112C3F1C0ABEEE00200049 /* ViewController.swift in Sources */,
				CD112C3D1C0ABEEE00200049 /* AppDelegate.swift in Sources */,
			);
			runOnlyForDeploymentPostprocessing = 0;
		};
/* End PBXSourcesBuildPhase section */

/* Begin PBXVariantGroup section */
		CD112C401C0ABEEE00200049 /* Main.storyboard */ = {
			isa = PBXVariantGroup;
			children = (
				CD112C411C0ABEEE00200049 /* Base */,
			);
			name = Main.storyboard;
			sourceTree = "<group>";
		};
		CD112C451C0ABEEE00200049 /* LaunchScreen.storyboard */ = {
			isa = PBXVariantGroup;
			children = (
				CD112C461C0ABEEE00200049 /* Base */,
			);
			name = LaunchScreen.storyboard;
			sourceTree = "<group>";
		};
/* End PBXVariantGroup section */

/* Begin XCBuildConfiguration section */
		CD112C491C0ABEEE00200049 /* Debug */ = {
			isa = XCBuildConfiguration;
			buildSettings = {
				ALWAYS_SEARCH_USER_PATHS = NO;
				CLANG_CXX_LANGUAGE_STANDARD = "gnu++0x";
				CLANG_CXX_LIBRARY = "libc++";
				CLANG_ENABLE_MODULES = YES;
				CLANG_ENABLE_OBJC_ARC = YES;
				CLANG_WARN_BOOL_CONVERSION = YES;
				CLANG_WARN_CONSTANT_CONVERSION = YES;
				CLANG_WARN_DIRECT_OBJC_ISA_USAGE = YES_ERROR;
				CLANG_WARN_EMPTY_BODY = YES;
				CLANG_WARN_ENUM_CONVERSION = YES;
				CLANG_WARN_INT_CONVERSION = YES;
				CLANG_WARN_OBJC_ROOT_CLASS = YES_ERROR;
				CLANG_WARN_UNREACHABLE_CODE = YES;
				CLANG_WARN__DUPLICATE_METHOD_MATCH = YES;
				"CODE_SIGN_IDENTITY[sdk=iphoneos*]" = "iPhone Developer";
				COPY_PHASE_STRIP = NO;
				DEBUG_INFORMATION_FORMAT = dwarf;
				ENABLE_STRICT_OBJC_MSGSEND = YES;
				ENABLE_TESTABILITY = YES;
				GCC_C_LANGUAGE_STANDARD = gnu99;
				GCC_DYNAMIC_NO_PIC = NO;
				GCC_NO_COMMON_BLOCKS = YES;
				GCC_OPTIMIZATION_LEVEL = 0;
				GCC_PREPROCESSOR_DEFINITIONS = (
					"DEBUG=1",
					"$(inherited)",
				);
				GCC_WARN_64_TO_32_BIT_CONVERSION = YES;
				GCC_WARN_ABOUT_RETURN_TYPE = YES_ERROR;
				GCC_WARN_UNDECLARED_SELECTOR = YES;
				GCC_WARN_UNINITIALIZED_AUTOS = YES_AGGRESSIVE;
				GCC_WARN_UNUSED_FUNCTION = YES;
				GCC_WARN_UNUSED_VARIABLE = YES;
				IPHONEOS_DEPLOYMENT_TARGET = 9.0;
				MTL_ENABLE_DEBUG_INFO = YES;
				ONLY_ACTIVE_ARCH = YES;
				SDKROOT = iphoneos;
				SWIFT_OPTIMIZATION_LEVEL = "-Onone";
			};
			name = Debug;
		};
		CD112C4A1C0ABEEE00200049 /* Release */ = {
			isa = XCBuildConfiguration;
			buildSettings = {
				ALWAYS_SEARCH_USER_PATHS = NO;
				CLANG_CXX_LANGUAGE_STANDARD = "gnu++0x";
				CLANG_CXX_LIBRARY = "libc++";
				CLANG_ENABLE_MODULES = YES;
				CLANG_ENABLE_OBJC_ARC = YES;
				CLANG_WARN_BOOL_CONVERSION = YES;
				CLANG_WARN_CONSTANT_CONVERSION = YES;
				CLANG_WARN_DIRECT_OBJC_ISA_USAGE = YES_ERROR;
				CLANG_WARN_EMPTY_BODY = YES;
				CLANG_WARN_ENUM_CONVERSION = YES;
				CLANG_WARN_INT_CONVERSION = YES;
				CLANG_WARN_OBJC_ROOT_CLASS = YES_ERROR;
				CLANG_WARN_UNREACHABLE_CODE = YES;
				CLANG_WARN__DUPLICATE_METHOD_MATCH = YES;
				"CODE_SIGN_IDENTITY[sdk=iphoneos*]" = "iPhone Developer";
				COPY_PHASE_STRIP = NO;
				DEBUG_INFORMATION_FORMAT = "dwarf-with-dsym";
				ENABLE_NS_ASSERTIONS = NO;
				ENABLE_STRICT_OBJC_MSGSEND = YES;
				GCC_C_LANGUAGE_STANDARD = gnu99;
				GCC_NO_COMMON_BLOCKS = YES;
				GCC_WARN_64_TO_32_BIT_CONVERSION = YES;
				GCC_WARN_ABOUT_RETURN_TYPE = YES_ERROR;
				GCC_WARN_UNDECLARED_SELECTOR = YES;
				GCC_WARN_UNINITIALIZED_AUTOS = YES_AGGRESSIVE;
				GCC_WARN_UNUSED_FUNCTION = YES;
				GCC_WARN_UNUSED_VARIABLE = YES;
				IPHONEOS_DEPLOYMENT_TARGET = 9.0;
				MTL_ENABLE_DEBUG_INFO = NO;
				SDKROOT = iphoneos;
				VALIDATE_PRODUCT = YES;
			};
			name = Release;
		};
		CD112C4C1C0ABEEE00200049 /* Debug */ = {
			isa = XCBuildConfiguration;
			buildSettings = {
				ASSETCATALOG_COMPILER_APPICON_NAME = AppIcon;
				INFOPLIST_FILE = BusquetsSample/Info.plist;
				LD_RUNPATH_SEARCH_PATHS = "$(inherited) @executable_path/Frameworks";
				PRODUCT_BUNDLE_IDENTIFIER = moguraproject.BusquetsSample;
				PRODUCT_NAME = "$(TARGET_NAME)";
			};
			name = Debug;
		};
		CD112C4D1C0ABEEE00200049 /* Release */ = {
			isa = XCBuildConfiguration;
			buildSettings = {
				ASSETCATALOG_COMPILER_APPICON_NAME = AppIcon;
				INFOPLIST_FILE = BusquetsSample/Info.plist;
				LD_RUNPATH_SEARCH_PATHS = "$(inherited) @executable_path/Frameworks";
				PRODUCT_BUNDLE_IDENTIFIER = moguraproject.BusquetsSample;
				PRODUCT_NAME = "$(TARGET_NAME)";
			};
			name = Release;
		};
/* End XCBuildConfiguration section */

/* Begin XCConfigurationList section */
		CD112C341C0ABEEE00200049 /* Build configuration list for PBXProject "BusquetsSample" */ = {
			isa = XCConfigurationList;
			buildConfigurations = (
				CD112C491C0ABEEE00200049 /* Debug */,
				CD112C4A1C0ABEEE00200049 /* Release */,
			);
			defaultConfigurationIsVisible = 0;
			defaultConfigurationName = Release;
		};
		CD112C4B1C0ABEEE00200049 /* Build configuration list for PBXNativeTarget "BusquetsSample" */ = {
			isa = XCConfigurationList;
			buildConfigurations = (
				CD112C4C1C0ABEEE00200049 /* Debug */,
				CD112C4D1C0ABEEE00200049 /* Release */,
			);
			defaultConfigurationIsVisible = 0;
		};
/* End XCConfigurationList section */
	};
	rootObject = CD112C311C0ABEEE00200049 /* Project object */;
}
